
Microsoft Visual Studio Solution File, Format Version 12.00
# Visual Studio 14
VisualStudioVersion = 14.0.24720.0
MinimumVisualStudioVersion = 10.0.40219.1
Project("{FAE04EC0-301F-11D3-BF4B-00C04F79EFBC}") = "HelloHost", "HelloHost\HelloHost.csproj", "{18CF0F57-50AF-42DC-8B62-9D458FDDF402}"
EndProject
Global
	GlobalSection(SolutionConfigurationPlatforms) = preSolution
		Debug|Any CPU = Debug|Any CPU
		Release|Any CPU = Release|Any CPU
	EndGlobalSection
	GlobalSection(ProjectConfigurationPlatforms) = postSolution
		{18CF0F57-50AF-42DC-8B62-9D458FDDF402}.Debug|Any CPU.ActiveCfg = Debug|Any CPU
		{18CF0F57-50AF-42DC-8B62-9D458FDDF402}.Debug|Any CPU.Build.0 = Debug|Any CPU
		{18CF0F57-50AF-42DC-8B62-9D458FDDF402}.Release|Any CPU.ActiveCfg = Release|Any CPU
		{18CF0F57-50AF-42DC-8B62-9D458FDDF402}.Release|Any CPU.Build.0 = Release|Any CPU
	EndGlobalSection
	GlobalSection(SolutionProperties) = preSolution
		HideSolutionNode = FALSE
	EndGlobalSection
EndGlobal
